
Microsoft Visual Studio Solution File, Format Version 12.00
# Visual Studio Version 16
VisualStudioVersion = 16.0.31829.152
MinimumVisualStudioVersion = 10.0.40219.1
Project("{9A19103F-16F7-4668-BE54-9A1E7A4F7556}") = "TableManagementSystem", "TableManagementSystem\TableManagementSystem.csproj", "{8A319733-E1B0-4546-815C-2EFAB79FAB11}"
EndProject
Project("{9A19103F-16F7-4668-BE54-9A1E7A4F7556}") = "TableManagementLibrary", "TableManagementLibrary\TableManagementLibrary.csproj", "{5F8EFC5B-79E4-4575-8278-DAB895D2715D}"
EndProject
Project("{FAE04EC0-301F-11D3-BF4B-00C04F79EFBC}") = "TableManagementTest", "TableManagementTest\TableManagementTest.csproj", "{4D17D9D9-F0A4-452E-9578-3D3126872F98}"
EndProject
Global
	GlobalSection(SolutionConfigurationPlatforms) = preSolution
		Debug|Any CPU = Debug|Any CPU
		Release|Any CPU = Release|Any CPU
	EndGlobalSection
	GlobalSection(ProjectConfigurationPlatforms) = postSolution
		{8A319733-E1B0-4546-815C-2EFAB79FAB11}.Debug|Any CPU.ActiveCfg = Debug|Any CPU
		{8A319733-E1B0-4546-815C-2EFAB79FAB11}.Debug|Any CPU.Build.0 = Debug|Any CPU
		{8A319733-E1B0-4546-815C-2EFAB79FAB11}.Release|Any CPU.ActiveCfg = Release|Any CPU
		{8A319733-E1B0-4546-815C-2EFAB79FAB11}.Release|Any CPU.Build.0 = Release|Any CPU
		{5F8EFC5B-79E4-4575-8278-DAB895D2715D}.Debug|Any CPU.ActiveCfg = Debug|Any CPU
		{5F8EFC5B-79E4-4575-8278-DAB895D2715D}.Debug|Any CPU.Build.0 = Debug|Any CPU
		{5F8EFC5B-79E4-4575-8278-DAB895D2715D}.Release|Any CPU.ActiveCfg = Release|Any CPU
		{5F8EFC5B-79E4-4575-8278-DAB895D2715D}.Release|Any CPU.Build.0 = Release|Any CPU
		{4D17D9D9-F0A4-452E-9578-3D3126872F98}.Debug|Any CPU.ActiveCfg = Debug|Any CPU
		{4D17D9D9-F0A4-452E-9578-3D3126872F98}.Debug|Any CPU.Build.0 = Debug|Any CPU
		{4D17D9D9-F0A4-452E-9578-3D3126872F98}.Release|Any CPU.ActiveCfg = Release|Any CPU
		{4D17D9D9-F0A4-452E-9578-3D3126872F98}.Release|Any CPU.Build.0 = Release|Any CPU
	EndGlobalSection
	GlobalSection(SolutionProperties) = preSolution
		HideSolutionNode = FALSE
	EndGlobalSection
	GlobalSection(ExtensibilityGlobals) = postSolution
		SolutionGuid = {D62336E6-BC26-4BB1-8D98-665A307CAC6C}
	EndGlobalSection
EndGlobal
